
Microsoft Visual Studio Solution File, Format Version 12.00
# Visual Studio Version 17
VisualStudioVersion = 17.5.002.0
MinimumVisualStudioVersion = 10.0.40219.1
Project("{9A19103F-16F7-4668-BE54-9A1E7A4F7556}") = "ShopsDefault", "ShopsDefault.csproj", "{7DE1278F-2C1E-4470-A123-6781A668E96D}"
EndProject
Global
	GlobalSection(SolutionConfigurationPlatforms) = preSolution
		Debug|Any CPU = Debug|Any CPU
		Release|Any CPU = Release|Any CPU
	EndGlobalSection
	GlobalSection(ProjectConfigurationPlatforms) = postSolution
		{7DE1278F-2C1E-4470-A123-6781A668E96D}.Debug|Any CPU.ActiveCfg = Debug|Any CPU
		{7DE1278F-2C1E-4470-A123-6781A668E96D}.Debug|Any CPU.Build.0 = Debug|Any CPU
		{7DE1278F-2C1E-4470-A123-6781A668E96D}.Release|Any CPU.ActiveCfg = Release|Any CPU
		{7DE1278F-2C1E-4470-A123-6781A668E96D}.Release|Any CPU.Build.0 = Release|Any CPU
	EndGlobalSection
	GlobalSection(SolutionProperties) = preSolution
		HideSolutionNode = FALSE
	EndGlobalSection
	GlobalSection(ExtensibilityGlobals) = postSolution
		SolutionGuid = {B8D2F592-CC8D-4933-AF5A-C72927676FA6}
	EndGlobalSection
EndGlobal
